
Microsoft Visual Studio Solution File, Format Version 12.00
# Visual Studio Version 17
VisualStudioVersion = 17.8.34511.84
MinimumVisualStudioVersion = 10.0.40219.1
Project("{FAE04EC0-301F-11D3-BF4B-00C04F79EFBC}") = "heroAPI", "heroAPI\heroAPI.csproj", "{06C738FD-2EBD-4BAC-A030-68D76C5F02F5}"
EndProject
Global
	GlobalSection(SolutionConfigurationPlatforms) = preSolution
		Debug|Any CPU = Debug|Any CPU
		Release|Any CPU = Release|Any CPU
	EndGlobalSection
	GlobalSection(ProjectConfigurationPlatforms) = postSolution
		{06C738FD-2EBD-4BAC-A030-68D76C5F02F5}.Debug|Any CPU.ActiveCfg = Debug|Any CPU
		{06C738FD-2EBD-4BAC-A030-68D76C5F02F5}.Debug|Any CPU.Build.0 = Debug|Any CPU
		{06C738FD-2EBD-4BAC-A030-68D76C5F02F5}.Release|Any CPU.ActiveCfg = Release|Any CPU
		{06C738FD-2EBD-4BAC-A030-68D76C5F02F5}.Release|Any CPU.Build.0 = Release|Any CPU
	EndGlobalSection
	GlobalSection(SolutionProperties) = preSolution
		HideSolutionNode = FALSE
	EndGlobalSection
	GlobalSection(ExtensibilityGlobals) = postSolution
		SolutionGuid = {51C3BFAC-95A5-4131-B26A-273FB96BFC6D}
	EndGlobalSection
EndGlobal
